
Microsoft Visual Studio Solution File, Format Version 12.00
# Visual Studio Version 17
VisualStudioVersion = 17.5.33424.131
MinimumVisualStudioVersion = 10.0.40219.1
Project("{FAE04EC0-301F-11D3-BF4B-00C04F79EFBC}") = "WindowsFormsApp2", "WindowsFormsApp2\WindowsFormsApp2.csproj", "{B86139CA-6AA3-47AC-AB88-E886C638D4D1}"
EndProject
Global
	GlobalSection(SolutionConfigurationPlatforms) = preSolution
		Debug|Any CPU = Debug|Any CPU
		Release|Any CPU = Release|Any CPU
	EndGlobalSection
	GlobalSection(ProjectConfigurationPlatforms) = postSolution
		{B86139CA-6AA3-47AC-AB88-E886C638D4D1}.Debug|Any CPU.ActiveCfg = Debug|Any CPU
		{B86139CA-6AA3-47AC-AB88-E886C638D4D1}.Debug|Any CPU.Build.0 = Debug|Any CPU
		{B86139CA-6AA3-47AC-AB88-E886C638D4D1}.Release|Any CPU.ActiveCfg = Release|Any CPU
		{B86139CA-6AA3-47AC-AB88-E886C638D4D1}.Release|Any CPU.Build.0 = Release|Any CPU
	EndGlobalSection
	GlobalSection(SolutionProperties) = preSolution
		HideSolutionNode = FALSE
	EndGlobalSection
	GlobalSection(ExtensibilityGlobals) = postSolution
		SolutionGuid = {7FD9BAFB-E372-497F-8858-B1AE2F84C1AB}
	EndGlobalSection
EndGlobal
